dependencies:
- name: backstage
  repository: oci://ghcr.io/backstage/charts
  version: 2.5.2
- name: common
  repository: oci://registry-1.docker.io/bitnamicharts
  version: 2.10.0
- name: gluon
  repository: oci://registry1.dso.mil/bigbang
  version: 0.5.21
digest: sha256:5adee5e799b09d2425271c732e3ee9229d762a2e7bd6fdd2af9a55aceda13940
generated: "2025-05-22T15:34:41.574297-04:00"
