dependencies:
- name: backstage
  repository: oci://ghcr.io/backstage/charts
  version: 2.6.3
- name: common
  repository: oci://registry-1.docker.io/bitnamicharts
  version: 2.31.4
- name: gluon
  repository: oci://registry1.dso.mil/bigbang
  version: 0.9.7
- name: bb-common
  repository: oci://registry1.dso.mil/bigbang
  version: 0.12.3
digest: sha256:7dcf359e8734f5091e2ef1fdf5609e9fdcbfb06353b2384be06ee9166ce1ca8b
generated: "2026-01-28T11:44:28.273407754-06:00"
